# THIS IS AN AUTOGENERATED FILE. DO NOT EDIT THIS FILE DIRECTLY.
# yarn lockfile v1


doctrine@^2.0.0:
  version "2.0.0"
  resolved "https://registry.yarnpkg.com/doctrine/-/doctrine-2.0.0.tgz#c73d8d2909d22291e1a007a395804da8b665fe63"
  dependencies:
    esutils "^2.0.2"
    isarray "^1.0.0"

estree-ancestors@^0.1.0:
  version "0.1.0"
  resolved "https://registry.yarnpkg.com/estree-ancestors/-/estree-ancestors-0.1.0.tgz#1de3e7208a257b86385185ee596a6f6aa2759fcd"
  dependencies:
    estree-walk "^0.2.0"

estree-walk@^0.2.0, estree-walk@^0.2.2:
  version "0.2.2"
  resolved "https://registry.yarnpkg.com/estree-walk/-/estree-walk-0.2.2.tgz#dd168c8f9938cd734990a780cc40a91ac22ae245"
  dependencies:
    free-context "0.0.0"

esutils@^2.0.2:
  version "2.0.2"
  resolved "https://registry.yarnpkg.com/esutils/-/esutils-2.0.2.tgz#0abf4f1caa5bcb1f7a9d8acc6dea4faaa04bac9b"

free-context@0.0.0:
  version "0.0.0"
  resolved "https://registry.yarnpkg.com/free-context/-/free-context-0.0.0.tgz#9bfea101ad929764ddb6baa7a9239ea74fb75f28"

isarray@^1.0.0:
  version "1.0.0"
  resolved "https://registry.yarnpkg.com/isarray/-/isarray-1.0.0.tgz#bb935d48582cba168c06834957a54a3e07124f11"

ordinal-numbers@^1.0.1:
  version "1.0.3"
  resolved "https://registry.yarnpkg.com/ordinal-numbers/-/ordinal-numbers-1.0.3.tgz#9619b0cb006a88f1001a04b73f9b34d715d18d21"

typling-core@^0.1.2:
  version "0.1.2"
  resolved "https://registry.yarnpkg.com/typling-core/-/typling-core-0.1.2.tgz#e5aa37307a473f11a6d60fdf30633eb26c21f303"
  dependencies:
    doctrine "^2.0.0"
    estree-ancestors "^0.1.0"
    estree-walk "^0.2.2"
    ordinal-numbers "^1.0.1"
    typling-signature "^0.1.0"

typling-signature@^0.1.0:
  version "0.1.0"
  resolved "https://registry.yarnpkg.com/typling-signature/-/typling-signature-0.1.0.tgz#035f5c909ced6b68bfd9e1f9d58c7cb998bc09f0"
